
Microsoft Visual Studio Solution File, Format Version 12.00
# Visual Studio Version 16
VisualStudioVersion = 16.0.31321.278
MinimumVisualStudioVersion = 10.0.40219.1
Project("{FAE04EC0-301F-11D3-BF4B-00C04F79EFBC}") = "JWTAuthentication", "JWTAuthentication.csproj", "{8001C948-A1E0-4E7D-A999-2DBBFE10B897}"
EndProject
Global
	GlobalSection(SolutionConfigurationPlatforms) = preSolution
		Debug|Any CPU = Debug|Any CPU
		Release|Any CPU = Release|Any CPU
	EndGlobalSection
	GlobalSection(ProjectConfigurationPlatforms) = postSolution
		{8001C948-A1E0-4E7D-A999-2DBBFE10B897}.Debug|Any CPU.ActiveCfg = Debug|Any CPU
		{8001C948-A1E0-4E7D-A999-2DBBFE10B897}.Debug|Any CPU.Build.0 = Debug|Any CPU
		{8001C948-A1E0-4E7D-A999-2DBBFE10B897}.Release|Any CPU.ActiveCfg = Release|Any CPU
		{8001C948-A1E0-4E7D-A999-2DBBFE10B897}.Release|Any CPU.Build.0 = Release|Any CPU
	EndGlobalSection
	GlobalSection(SolutionProperties) = preSolution
		HideSolutionNode = FALSE
	EndGlobalSection
	GlobalSection(ExtensibilityGlobals) = postSolution
		SolutionGuid = {1B7B36F6-62A9-48A6-80E1-2B1CA023AFF4}
	EndGlobalSection
EndGlobal
